
Microsoft Visual Studio Solution File, Format Version 12.00
# Visual Studio 15
VisualStudioVersion = 15.0.28307.902
MinimumVisualStudioVersion = 10.0.40219.1
Project("{FAE04EC0-301F-11D3-BF4B-00C04F79EFBC}") = "PaintRunner", "PaintRunner\PaintRunner.csproj", "{72D97FBD-8FD6-4B02-94A7-FA3422FDED78}"
EndProject
Global
	GlobalSection(SolutionConfigurationPlatforms) = preSolution
		Debug|Any CPU = Debug|Any CPU
		Release|Any CPU = Release|Any CPU
	EndGlobalSection
	GlobalSection(ProjectConfigurationPlatforms) = postSolution
		{72D97FBD-8FD6-4B02-94A7-FA3422FDED78}.Debug|Any CPU.ActiveCfg = Debug|Any CPU
		{72D97FBD-8FD6-4B02-94A7-FA3422FDED78}.Debug|Any CPU.Build.0 = Debug|Any CPU
		{72D97FBD-8FD6-4B02-94A7-FA3422FDED78}.Release|Any CPU.ActiveCfg = Release|Any CPU
		{72D97FBD-8FD6-4B02-94A7-FA3422FDED78}.Release|Any CPU.Build.0 = Release|Any CPU
	EndGlobalSection
	GlobalSection(SolutionProperties) = preSolution
		HideSolutionNode = FALSE
	EndGlobalSection
	GlobalSection(ExtensibilityGlobals) = postSolution
		SolutionGuid = {785726D9-ABDD-4B4A-9763-1E0CDFEC2E01}
	EndGlobalSection
EndGlobal
